
Microsoft Visual Studio Solution File, Format Version 12.00
# Visual Studio Version 16
VisualStudioVersion = 16.0.31624.102
MinimumVisualStudioVersion = 10.0.40219.1
Project("{00D1A9C2-B5F0-4AF3-8072-F6C62B433612}") = "Derevo", "Derevo\Derevo.sqlproj", "{F8A20BE8-E95B-48C8-9D67-9A4A9B0096A9}"
EndProject
Global
	GlobalSection(SolutionConfigurationPlatforms) = preSolution
		Debug|Any CPU = Debug|Any CPU
		Release|Any CPU = Release|Any CPU
	EndGlobalSection
	GlobalSection(ProjectConfigurationPlatforms) = postSolution
		{F8A20BE8-E95B-48C8-9D67-9A4A9B0096A9}.Debug|Any CPU.ActiveCfg = Debug|Any CPU
		{F8A20BE8-E95B-48C8-9D67-9A4A9B0096A9}.Debug|Any CPU.Build.0 = Debug|Any CPU
		{F8A20BE8-E95B-48C8-9D67-9A4A9B0096A9}.Debug|Any CPU.Deploy.0 = Debug|Any CPU
		{F8A20BE8-E95B-48C8-9D67-9A4A9B0096A9}.Release|Any CPU.ActiveCfg = Release|Any CPU
		{F8A20BE8-E95B-48C8-9D67-9A4A9B0096A9}.Release|Any CPU.Build.0 = Release|Any CPU
		{F8A20BE8-E95B-48C8-9D67-9A4A9B0096A9}.Release|Any CPU.Deploy.0 = Release|Any CPU
	EndGlobalSection
	GlobalSection(SolutionProperties) = preSolution
		HideSolutionNode = FALSE
	EndGlobalSection
	GlobalSection(ExtensibilityGlobals) = postSolution
		SolutionGuid = {634E1275-B84B-446D-9B3F-1EB942B59A8A}
	EndGlobalSection
EndGlobal
